
Microsoft Visual Studio Solution File, Format Version 12.00
# Visual Studio Version 17
VisualStudioVersion = 17.9.34701.34
MinimumVisualStudioVersion = 10.0.40219.1
Project("{FAE04EC0-301F-11D3-BF4B-00C04F79EFBC}") = "telegramJobsBot2", "telegramJobsBot2\telegramJobsBot2.csproj", "{208BD890-1CB2-4907-B50D-7AC3468FFBD4}"
EndProject
Global
	GlobalSection(SolutionConfigurationPlatforms) = preSolution
		Debug|Any CPU = Debug|Any CPU
		Release|Any CPU = Release|Any CPU
	EndGlobalSection
	GlobalSection(ProjectConfigurationPlatforms) = postSolution
		{208BD890-1CB2-4907-B50D-7AC3468FFBD4}.Debug|Any CPU.ActiveCfg = Debug|Any CPU
		{208BD890-1CB2-4907-B50D-7AC3468FFBD4}.Debug|Any CPU.Build.0 = Debug|Any CPU
		{208BD890-1CB2-4907-B50D-7AC3468FFBD4}.Release|Any CPU.ActiveCfg = Release|Any CPU
		{208BD890-1CB2-4907-B50D-7AC3468FFBD4}.Release|Any CPU.Build.0 = Release|Any CPU
	EndGlobalSection
	GlobalSection(SolutionProperties) = preSolution
		HideSolutionNode = FALSE
	EndGlobalSection
	GlobalSection(ExtensibilityGlobals) = postSolution
		SolutionGuid = {41E3E406-16DA-4512-9850-A88D1BA4AAB0}
	EndGlobalSection
EndGlobal
